Microsoft Visual Studio Solution File, Format Version 12.00
# Visual Studio Version 17
VisualStudioVersion = 17.0.31903.59
MinimumVisualStudioVersion = 10.0.40219.1
Project("{9A19103F-16F7-4668-BE54-9A1E7A4F7556}") = "CraftSynth.ImageEditor", "CraftSynth.ImageEditor\CraftSynth.ImageEditor.csproj", "{C2F951D8-2CB6-4AB5-9029-1EE3FCDB910A}"
EndProject
Project("{9A19103F-16F7-4668-BE54-9A1E7A4F7556}") = "CraftSynth.ImageEditor.Gui", "CraftSynth.ImageEditor.Gui\CraftSynth.ImageEditor.Gui.csproj", "{3CD732EC-B1BA-46AA-BA2F-7B5B76235D86}"
EndProject
Global
	GlobalSection(SolutionConfigurationPlatforms) = preSolution
		Debug|Any CPU = Debug|Any CPU
		Release|Any CPU = Release|Any CPU
	EndGlobalSection
	GlobalSection(ProjectConfigurationPlatforms) = postSolution
		{C2F951D8-2CB6-4AB5-9029-1EE3FCDB910A}.Debug|Any CPU.ActiveCfg = Debug|Any CPU
		{C2F951D8-2CB6-4AB5-9029-1EE3FCDB910A}.Debug|Any CPU.Build.0 = Debug|Any CPU
		{C2F951D8-2CB6-4AB5-9029-1EE3FCDB910A}.Release|Any CPU.ActiveCfg = Release|Any CPU
		{C2F951D8-2CB6-4AB5-9029-1EE3FCDB910A}.Release|Any CPU.Build.0 = Release|Any CPU
		{3CD732EC-B1BA-46AA-BA2F-7B5B76235D86}.Debug|Any CPU.ActiveCfg = Debug|Any CPU
		{3CD732EC-B1BA-46AA-BA2F-7B5B76235D86}.Debug|Any CPU.Build.0 = Debug|Any CPU
		{3CD732EC-B1BA-46AA-BA2F-7B5B76235D86}.Release|Any CPU.ActiveCfg = Release|Any CPU
		{3CD732EC-B1BA-46AA-BA2F-7B5B76235D86}.Release|Any CPU.Build.0 = Release|Any CPU
	EndGlobalSection
	GlobalSection(SolutionProperties) = preSolution
		HideSolutionNode = FALSE
	EndGlobalSection
	GlobalSection(ExtensibilityGlobals) = postSolution
		SolutionGuid = {A1B2C3D4-E5F6-7890-1234-567890ABCDEF}
	EndGlobalSection
EndGlobal